
Microsoft Visual Studio Solution File, Format Version 12.00
# Visual Studio Version 17
VisualStudioVersion = 17.13.35825.156
MinimumVisualStudioVersion = 10.0.40219.1
Project("{FAE04EC0-301F-11D3-BF4B-00C04F79EFBC}") = "CheckerSystem", "ConsoleApp1\CheckerSystem.csproj", "{A3022F21-1849-481B-95FC-75D2916E98FC}"
EndProject
Global
	GlobalSection(SolutionConfigurationPlatforms) = preSolution
		Debug|Any CPU = Debug|Any CPU
		Release|Any CPU = Release|Any CPU
	EndGlobalSection
	GlobalSection(ProjectConfigurationPlatforms) = postSolution
		{A3022F21-1849-481B-95FC-75D2916E98FC}.Debug|Any CPU.ActiveCfg = Debug|Any CPU
		{A3022F21-1849-481B-95FC-75D2916E98FC}.Debug|Any CPU.Build.0 = Debug|Any CPU
		{A3022F21-1849-481B-95FC-75D2916E98FC}.Release|Any CPU.ActiveCfg = Release|Any CPU
		{A3022F21-1849-481B-95FC-75D2916E98FC}.Release|Any CPU.Build.0 = Release|Any CPU
	EndGlobalSection
	GlobalSection(SolutionProperties) = preSolution
		HideSolutionNode = FALSE
	EndGlobalSection
	GlobalSection(ExtensibilityGlobals) = postSolution
		SolutionGuid = {E4DF549F-12A2-4277-AA08-E4D712DA21BF}
	EndGlobalSection
EndGlobal
