
Microsoft Visual Studio Solution File, Format Version 12.00
# Visual Studio Version 17
VisualStudioVersion = 17.13.35825.156
MinimumVisualStudioVersion = 10.0.40219.1
Project("{FAE04EC0-301F-11D3-BF4B-00C04F79EFBC}") = "ELibrarySystem", "ConsoleApp1\ELibrarySystem.csproj", "{A3022F21-1849-481B-95FC-75D2916E98FC}"
EndProject
Project("{FAE04EC0-301F-11D3-BF4B-00C04F79EFBC}") = "ELibraryBusinessLogic", "ELibraryBusinessDataLogic\ELibraryBusinessLogic.csproj", "{42DE38DB-4AD2-4CC3-B9C4-433118F0AB3D}"
EndProject
Project("{FAE04EC0-301F-11D3-BF4B-00C04F79EFBC}") = "ELibraryDataLogic", "ELibraryDataLogic\ELibraryDataLogic.csproj", "{0A6773D0-AB3F-4250-BD71-6B5BCFBB75C2}"
EndProject
Project("{FAE04EC0-301F-11D3-BF4B-00C04F79EFBC}") = "PFinderCommon", "PFinderCommon\PFinderCommon.csproj", "{0CC7B36A-2ACF-47DD-B4B2-9E039DEBA83D}"
EndProject
Project("{FAE04EC0-301F-11D3-BF4B-00C04F79EFBC}") = "PenFinderUI", "PenFinderUI\PenFinderUI.csproj", "{80138FA3-D589-4E97-A3EB-5390F76DD05C}"
EndProject
Project("{FAE04EC0-301F-11D3-BF4B-00C04F79EFBC}") = "ELibraryWebAPI", "ELibraryWebAPI\ELibraryWebAPI.csproj", "{F7E08491-8456-49A3-BEB5-D9D4E86A3FE8}"
EndProject
Global
	GlobalSection(SolutionConfigurationPlatforms) = preSolution
		Debug|Any CPU = Debug|Any CPU
		Release|Any CPU = Release|Any CPU
	EndGlobalSection
	GlobalSection(ProjectConfigurationPlatforms) = postSolution
		{A3022F21-1849-481B-95FC-75D2916E98FC}.Debug|Any CPU.ActiveCfg = Debug|Any CPU
		{A3022F21-1849-481B-95FC-75D2916E98FC}.Debug|Any CPU.Build.0 = Debug|Any CPU
		{A3022F21-1849-481B-95FC-75D2916E98FC}.Release|Any CPU.ActiveCfg = Release|Any CPU
		{A3022F21-1849-481B-95FC-75D2916E98FC}.Release|Any CPU.Build.0 = Release|Any CPU
		{42DE38DB-4AD2-4CC3-B9C4-433118F0AB3D}.Debug|Any CPU.ActiveCfg = Debug|Any CPU
		{42DE38DB-4AD2-4CC3-B9C4-433118F0AB3D}.Debug|Any CPU.Build.0 = Debug|Any CPU
		{42DE38DB-4AD2-4CC3-B9C4-433118F0AB3D}.Release|Any CPU.ActiveCfg = Release|Any CPU
		{42DE38DB-4AD2-4CC3-B9C4-433118F0AB3D}.Release|Any CPU.Build.0 = Release|Any CPU
		{0A6773D0-AB3F-4250-BD71-6B5BCFBB75C2}.Debug|Any CPU.ActiveCfg = Debug|Any CPU
		{0A6773D0-AB3F-4250-BD71-6B5BCFBB75C2}.Debug|Any CPU.Build.0 = Debug|Any CPU
		{0A6773D0-AB3F-4250-BD71-6B5BCFBB75C2}.Release|Any CPU.ActiveCfg = Release|Any CPU
		{0A6773D0-AB3F-4250-BD71-6B5BCFBB75C2}.Release|Any CPU.Build.0 = Release|Any CPU
		{0CC7B36A-2ACF-47DD-B4B2-9E039DEBA83D}.Debug|Any CPU.ActiveCfg = Debug|Any CPU
		{0CC7B36A-2ACF-47DD-B4B2-9E039DEBA83D}.Debug|Any CPU.Build.0 = Debug|Any CPU
		{0CC7B36A-2ACF-47DD-B4B2-9E039DEBA83D}.Release|Any CPU.ActiveCfg = Release|Any CPU
		{0CC7B36A-2ACF-47DD-B4B2-9E039DEBA83D}.Release|Any CPU.Build.0 = Release|Any CPU
		{80138FA3-D589-4E97-A3EB-5390F76DD05C}.Debug|Any CPU.ActiveCfg = Debug|Any CPU
		{80138FA3-D589-4E97-A3EB-5390F76DD05C}.Debug|Any CPU.Build.0 = Debug|Any CPU
		{80138FA3-D589-4E97-A3EB-5390F76DD05C}.Release|Any CPU.ActiveCfg = Release|Any CPU
		{80138FA3-D589-4E97-A3EB-5390F76DD05C}.Release|Any CPU.Build.0 = Release|Any CPU
		{F7E08491-8456-49A3-BEB5-D9D4E86A3FE8}.Debug|Any CPU.ActiveCfg = Debug|Any CPU
		{F7E08491-8456-49A3-BEB5-D9D4E86A3FE8}.Debug|Any CPU.Build.0 = Debug|Any CPU
		{F7E08491-8456-49A3-BEB5-D9D4E86A3FE8}.Release|Any CPU.ActiveCfg = Release|Any CPU
		{F7E08491-8456-49A3-BEB5-D9D4E86A3FE8}.Release|Any CPU.Build.0 = Release|Any CPU
	EndGlobalSection
	GlobalSection(SolutionProperties) = preSolution
		HideSolutionNode = FALSE
	EndGlobalSection
	GlobalSection(ExtensibilityGlobals) = postSolution
		SolutionGuid = {E4DF549F-12A2-4277-AA08-E4D712DA21BF}
	EndGlobalSection
EndGlobal
